
Microsoft Visual Studio Solution File, Format Version 12.00
# Visual Studio Version 17
VisualStudioVersion = 17.11.35303.130
MinimumVisualStudioVersion = 10.0.40219.1
Project("{FAE04EC0-301F-11D3-BF4B-00C04F79EFBC}") = "BlazorApp5", "BlazorApp5\BlazorApp5.csproj", "{CA245931-D76C-44DC-806A-9E4A6C292150}"
EndProject
Global
	GlobalSection(SolutionConfigurationPlatforms) = preSolution
		Debug|Any CPU = Debug|Any CPU
		Release|Any CPU = Release|Any CPU
	EndGlobalSection
	GlobalSection(ProjectConfigurationPlatforms) = postSolution
		{CA245931-D76C-44DC-806A-9E4A6C292150}.Debug|Any CPU.ActiveCfg = Debug|Any CPU
		{CA245931-D76C-44DC-806A-9E4A6C292150}.Debug|Any CPU.Build.0 = Debug|Any CPU
		{CA245931-D76C-44DC-806A-9E4A6C292150}.Release|Any CPU.ActiveCfg = Release|Any CPU
		{CA245931-D76C-44DC-806A-9E4A6C292150}.Release|Any CPU.Build.0 = Release|Any CPU
	EndGlobalSection
	GlobalSection(SolutionProperties) = preSolution
		HideSolutionNode = FALSE
	EndGlobalSection
	GlobalSection(ExtensibilityGlobals) = postSolution
		SolutionGuid = {21C67779-2750-40E2-A86D-8627FD94FC3D}
	EndGlobalSection
EndGlobal
